# This file was autogenerated by uv via the following command:
#    uv pip compile requirements-dev.txt -c requirements.lock -o requirements-dev.lock
annotated-doc==0.0.4
    # via
    #   -c requirements.lock
    #   fastapi
annotated-types==0.7.0
    # via
    #   -c requirements.lock
    #   pydantic
anyio==4.14.1
    # via
    #   -c requirements.lock
    #   httpx
    #   starlette
certifi==2026.7.22
    # via
    #   httpcore
    #   httpx
click==8.4.2
    # via
    #   -c requirements.lock
    #   uvicorn
deprecated==1.3.1
    # via
    #   -c requirements.lock
    #   limits
fastapi==0.136.1
    # via
    #   -c requirements.lock
    #   -r requirements.txt
h11==0.16.0
    # via
    #   -c requirements.lock
    #   httpcore
    #   uvicorn
httpcore==1.0.9
    # via httpx
httpx==0.28.1
    # via -r requirements-dev.txt
idna==3.18
    # via
    #   -c requirements.lock
    #   anyio
    #   httpx
iniconfig==2.3.0
    # via pytest
jinja2==3.1.6
    # via
    #   -c requirements.lock
    #   -r requirements.txt
limits==5.8.0
    # via
    #   -c requirements.lock
    #   slowapi
markupsafe==3.0.3
    # via
    #   -c requirements.lock
    #   jinja2
packaging==26.2
    # via
    #   -c requirements.lock
    #   limits
    #   pytest
pluggy==1.6.0
    # via pytest
psycopg2-binary==2.9.12
    # via
    #   -c requirements.lock
    #   -r requirements.txt
pydantic==2.13.4
    # via
    #   -c requirements.lock
    #   fastapi
    #   pydantic-settings
pydantic-core==2.46.4
    # via
    #   -c requirements.lock
    #   pydantic
pydantic-settings==2.14.2
    # via
    #   -c requirements.lock
    #   -r requirements.txt
pygments==2.21.0
    # via pytest
pytest==9.0.3
    # via -r requirements-dev.txt
python-dotenv==1.2.2
    # via
    #   -c requirements.lock
    #   -r requirements.txt
    #   pydantic-settings
slowapi==0.1.9
    # via
    #   -c requirements.lock
    #   -r requirements.txt
sqlalchemy==2.0.49
    # via
    #   -c requirements.lock
    #   -r requirements.txt
starlette==1.3.1
    # via
    #   -c requirements.lock
    #   fastapi
typing-extensions==4.16.0
    # via
    #   -c requirements.lock
    #   fastapi
    #   limits
    #   pydantic
    #   pydantic-core
    #   sqlalchemy
    #   typing-inspection
typing-inspection==0.4.2
    # via
    #   -c requirements.lock
    #   fastapi
    #   pydantic
    #   pydantic-settings
uvicorn==0.46.0
    # via
    #   -c requirements.lock
    #   -r requirements.txt
wrapt==2.2.2
    # via
    #   -c requirements.lock
    #   deprecated
